
Microsoft Visual Studio Solution File, Format Version 12.00
# Visual Studio Version 16
VisualStudioVersion = 16.0.30804.86
MinimumVisualStudioVersion = 10.0.40219.1
Project("{9A19103F-16F7-4668-BE54-9A1E7A4F7556}") = "Business", "Business\Business.csproj", "{2253F390-80AB-4DAC-9B10-648CB1B6D86B}"
EndProject
Project("{9A19103F-16F7-4668-BE54-9A1E7A4F7556}") = "DataAccess", "DataAccess\DataAccess.csproj", "{23B73E2C-AC1E-4D89-BEF5-878BA89AF5B7}"
EndProject
Project("{9A19103F-16F7-4668-BE54-9A1E7A4F7556}") = "Entities", "Entitites\Entities.csproj", "{ECE5C86D-3629-4B06-B41A-D78128148AEE}"
EndProject
Project("{9A19103F-16F7-4668-BE54-9A1E7A4F7556}") = "ConsoleUI", "ConsoleUI\ConsoleUI.csproj", "{E90DDC07-6400-4C6F-A76D-66F1696597AA}"
EndProject
Project("{9A19103F-16F7-4668-BE54-9A1E7A4F7556}") = "Core", "Core\Core.csproj", "{C43BF60F-86BD-4D77-B8A7-619F98B5C189}"
EndProject
Project("{FAE04EC0-301F-11D3-BF4B-00C04F79EFBC}") = "WebAPI", "WebAPI\WebAPI.csproj", "{1044E962-ACC8-4EBA-95B2-8F669536008B}"
EndProject
Global
	GlobalSection(SolutionConfigurationPlatforms) = preSolution
		Debug|Any CPU = Debug|Any CPU
		Release|Any CPU = Release|Any CPU
	EndGlobalSection
	GlobalSection(ProjectConfigurationPlatforms) = postSolution
		{2253F390-80AB-4DAC-9B10-648CB1B6D86B}.Debug|Any CPU.ActiveCfg = Debug|Any CPU
		{2253F390-80AB-4DAC-9B10-648CB1B6D86B}.Debug|Any CPU.Build.0 = Debug|Any CPU
		{2253F390-80AB-4DAC-9B10-648CB1B6D86B}.Release|Any CPU.ActiveCfg = Release|Any CPU
		{2253F390-80AB-4DAC-9B10-648CB1B6D86B}.Release|Any CPU.Build.0 = Release|Any CPU
		{23B73E2C-AC1E-4D89-BEF5-878BA89AF5B7}.Debug|Any CPU.ActiveCfg = Debug|Any CPU
		{23B73E2C-AC1E-4D89-BEF5-878BA89AF5B7}.Debug|Any CPU.Build.0 = Debug|Any CPU
		{23B73E2C-AC1E-4D89-BEF5-878BA89AF5B7}.Release|Any CPU.ActiveCfg = Release|Any CPU
		{23B73E2C-AC1E-4D89-BEF5-878BA89AF5B7}.Release|Any CPU.Build.0 = Release|Any CPU
		{ECE5C86D-3629-4B06-B41A-D78128148AEE}.Debug|Any CPU.ActiveCfg = Debug|Any CPU
		{ECE5C86D-3629-4B06-B41A-D78128148AEE}.Debug|Any CPU.Build.0 = Debug|Any CPU
		{ECE5C86D-3629-4B06-B41A-D78128148AEE}.Release|Any CPU.ActiveCfg = Release|Any CPU
		{ECE5C86D-3629-4B06-B41A-D78128148AEE}.Release|Any CPU.Build.0 = Release|Any CPU
		{E90DDC07-6400-4C6F-A76D-66F1696597AA}.Debug|Any CPU.ActiveCfg = Debug|Any CPU
		{E90DDC07-6400-4C6F-A76D-66F1696597AA}.Debug|Any CPU.Build.0 = Debug|Any CPU
		{E90DDC07-6400-4C6F-A76D-66F1696597AA}.Release|Any CPU.ActiveCfg = Release|Any CPU
		{E90DDC07-6400-4C6F-A76D-66F1696597AA}.Release|Any CPU.Build.0 = Release|Any CPU
		{C43BF60F-86BD-4D77-B8A7-619F98B5C189}.Debug|Any CPU.ActiveCfg = Debug|Any CPU
		{C43BF60F-86BD-4D77-B8A7-619F98B5C189}.Debug|Any CPU.Build.0 = Debug|Any CPU
		{C43BF60F-86BD-4D77-B8A7-619F98B5C189}.Release|Any CPU.ActiveCfg = Release|Any CPU
		{C43BF60F-86BD-4D77-B8A7-619F98B5C189}.Release|Any CPU.Build.0 = Release|Any CPU
		{1044E962-ACC8-4EBA-95B2-8F669536008B}.Debug|Any CPU.ActiveCfg = Debug|Any CPU
		{1044E962-ACC8-4EBA-95B2-8F669536008B}.Debug|Any CPU.Build.0 = Debug|Any CPU
		{1044E962-ACC8-4EBA-95B2-8F669536008B}.Release|Any CPU.ActiveCfg = Release|Any CPU
		{1044E962-ACC8-4EBA-95B2-8F669536008B}.Release|Any CPU.Build.0 = Release|Any CPU
	EndGlobalSection
	GlobalSection(SolutionProperties) = preSolution
		HideSolutionNode = FALSE
	EndGlobalSection
	GlobalSection(ExtensibilityGlobals) = postSolution
		SolutionGuid = {16C4E35D-81D4-47F9-B228-8CBB4A0CB188}
	EndGlobalSection
EndGlobal
